{
  "name": "crush-acp",
  "version": "0.2.0",
  "lockfileVersion": 3,
  "requires": true,
  "packages": {
    "": {
      "name": "crush-acp",
      "version": "0.2.0",
      "license": "MIT",
      "dependencies": {
        "@agentclientprotocol/sdk": "^0.13.0"
      },
      "bin": {
        "crush-acp": "dist/index.js"
      },
      "devDependencies": {
        "@types/node": "^22.0.0",
        "typescript": "^5.7.0"
      },
      "engines": {
        "node": ">=18.0.0"
      }
    },
    "node_modules/@agentclientprotocol/sdk": {
      "version": "0.13.1",
      "license": "Apache-2.0",
      "peerDependencies": {
        "zod": "^3.25.0 || ^4.0.0"
      }
    },
    "node_modules/@types/node": {
      "version": "22.19.15",
      "dev": true,
      "license": "MIT",
      "dependencies": {
        "undici-types": "~6.21.0"
      }
    },
    "node_modules/typescript": {
      "version": "5.9.3",
      "dev": true,
      "license": "Apache-2.0",
      "bin": {
        "tsc": "bin/tsc",
        "tsserver": "bin/tsserver"
      },
      "engines": {
        "node": ">=14.17"
      }
    },
    "node_modules/undici-types": {
      "version": "6.21.0",
      "dev": true,
      "license": "MIT"
    },
    "node_modules/zod": {
      "version": "4.3.6",
      "license": "MIT",
      "peer": true,
      "funding": {
        "url": "https://github.com/sponsors/colinhacks"
      }
    }
  }
}
